// !$*UTF8*$!
{
	archiveVersion = 1;
	classes = {
	};
	objectVersion = 46;
	objects = {

/* Begin PBXBuildFile section */
		83A1E920216BA095004F0811 /* PrintImageBleWriteDelegate.m in Sources */ = {isa = PBXBuildFile; fileRef = 83A1E91F216BA095004F0811 /* PrintImageBleWriteDelegate.m */; };
		83A1E92D216CF6C4004F0811 /* RNTscCommand.m in Sources */ = {isa = PBXBuildFile; fileRef = 83A1E92C216CF6C3004F0811 /* RNTscCommand.m */; };
		83B72B45216A0FEA007780F3 /* PrintColumnBleWriteDelegate.m in Sources */ = {isa = PBXBuildFile; fileRef = 83B72B3B216A0FE9007780F3 /* PrintColumnBleWriteDelegate.m */; };
		83B72B46216A0FEA007780F3 /* ColumnSplitedString.m in Sources */ = {isa = PBXBuildFile; fileRef = 83B72B44216A0FEA007780F3 /* ColumnSplitedString.m */; };
		83B72B48216A0FF4007780F3 /* UIKit.framework in Frameworks */ = {isa = PBXBuildFile; fileRef = 83B72B47216A0FF4007780F3 /* UIKit.framework */; };
		83B72B7C216A70D2007780F3 /* ImageUtils.m in Sources */ = {isa = PBXBuildFile; fileRef = 83B72B7B216A70D1007780F3 /* ImageUtils.m */; };
		83B72B7D216A70D6007780F3 /* libZXingObjC-iOS.a in Frameworks */ = {isa = PBXBuildFile; fileRef = 83E5D46E215E51A30009D216 /* libZXingObjC-iOS.a */; };
		83E5D47C215E57100009D216 /* RNBluetoothManager.m in Sources */ = {isa = PBXBuildFile; fileRef = 83E5D47B215E57100009D216 /* RNBluetoothManager.m */; };
		83E5D47F215E5A880009D216 /* CoreBluetooth.framework in Frameworks */ = {isa = PBXBuildFile; fileRef = 83E5D47E215E5A880009D216 /* CoreBluetooth.framework */; };
		83FAD6B12161C9C6001C4911 /* RNBluetoothTscPrinter.m in Sources */ = {isa = PBXBuildFile; fileRef = 83FAD6B02161C9C6001C4911 /* RNBluetoothTscPrinter.m */; };
		B3E7B58A1CC2AC0600A0062D /* RNBluetoothEscposPrinter.m in Sources */ = {isa = PBXBuildFile; fileRef = B3E7B5891CC2AC0600A0062D /* RNBluetoothEscposPrinter.m */; };
/* End PBXBuildFile section */

/* Begin PBXContainerItemProxy section */
		83E5D46D215E51A30009D216 /* PBXContainerItemProxy */ = {
			isa = PBXContainerItemProxy;
			containerPortal = 83E5D464215E51A20009D216 /* ZXingObjC.xcodeproj */;
			proxyType = 2;
			remoteGlobalIDString = 25403CB3166A96FA00E13304;
			remoteInfo = "ZXingObjC-iOS";
		};
		83E5D46F215E51A30009D216 /* PBXContainerItemProxy */ = {
			isa = PBXContainerItemProxy;
			containerPortal = 83E5D464215E51A20009D216 /* ZXingObjC.xcodeproj */;
			proxyType = 2;
			remoteGlobalIDString = 25403CC4166A96FA00E13304;
			remoteInfo = "Unit Tests iOS";
		};
		83E5D471215E51A30009D216 /* PBXContainerItemProxy */ = {
			isa = PBXContainerItemProxy;
			containerPortal = 83E5D464215E51A20009D216 /* ZXingObjC.xcodeproj */;
			proxyType = 2;
			remoteGlobalIDString = 25404166166AADAC00E13304;
			remoteInfo = "ZXingObjC-osx";
		};
		83E5D473215E51A30009D216 /* PBXContainerItemProxy */ = {
			isa = PBXContainerItemProxy;
			containerPortal = 83E5D464215E51A20009D216 /* ZXingObjC.xcodeproj */;
			proxyType = 2;
			remoteGlobalIDString = 25404178166AADAC00E13304;
			remoteInfo = "Unit Tests OS X";
		};
		83E5D475215E51A30009D216 /* PBXContainerItemProxy */ = {
			isa = PBXContainerItemProxy;
			containerPortal = 83E5D464215E51A20009D216 /* ZXingObjC.xcodeproj */;
			proxyType = 2;
			remoteGlobalIDString = 2540439E166ABA0A00E13304;
			remoteInfo = "OS X Framework";
		};
		83E5D477215E51A30009D216 /* PBXContainerItemProxy */ = {
			isa = PBXContainerItemProxy;
			containerPortal = 83E5D464215E51A20009D216 /* ZXingObjC.xcodeproj */;
			proxyType = 2;
			remoteGlobalIDString = DB72547F1A523C9200EFF81B;
			remoteInfo = "iOS Framework";
		};
/* End PBXContainerItemProxy section */

/* Begin PBXCopyFilesBuildPhase section */
		58B511D91A9E6C8500147676 /* CopyFiles */ = {
			isa = PBXCopyFilesBuildPhase;
			buildActionMask = 2147483647;
			dstPath = "include/$(PRODUCT_NAME)";
			dstSubfolderSpec = 16;
			files = (
			);
			runOnlyForDeploymentPostprocessing = 0;
		};
/* End PBXCopyFilesBuildPhase section */

/* Begin PBXFileReference section */
		134814201AA4EA6300B7C361 /* libRNBluetoothEscposPrinter.a */ = {isa = PBXFileReference; explicitFileType = archive.ar; includeInIndex = 0; path = libRNBluetoothEscposPrinter.a; sourceTree = BUILT_PRODUCTS_DIR; };
		83A1E918216BA094004F0811 /* PrintImageBleWriteDelegate.h */ = {isa = PBXFileReference; fileEncoding = 4; lastKnownFileType = sourcecode.c.h; path = PrintImageBleWriteDelegate.h; sourceTree = "<group>"; };
		83A1E91F216BA095004F0811 /* PrintImageBleWriteDelegate.m */ = {isa = PBXFileReference; fileEncoding = 4; lastKnownFileType = sourcecode.c.objc; path = PrintImageBleWriteDelegate.m; sourceTree = "<group>"; };
		83A1E925216CF6C3004F0811 /* RNTscCommand.h */ = {isa = PBXFileReference; fileEncoding = 4; lastKnownFileType = sourcecode.c.h; path = RNTscCommand.h; sourceTree = "<group>"; };
		83A1E92C216CF6C3004F0811 /* RNTscCommand.m */ = {isa = PBXFileReference; fileEncoding = 4; lastKnownFileType = sourcecode.c.objc; path = RNTscCommand.m; sourceTree = "<group>"; };
		83B72B3B216A0FE9007780F3 /* PrintColumnBleWriteDelegate.m */ = {isa = PBXFileReference; fileEncoding = 4; lastKnownFileType = sourcecode.c.objc; path = PrintColumnBleWriteDelegate.m; sourceTree = "<group>"; };
		83B72B42216A0FEA007780F3 /* PrintColumnBleWriteDelegate.h */ = {isa = PBXFileReference; fileEncoding = 4; lastKnownFileType = sourcecode.c.h; path = PrintColumnBleWriteDelegate.h; sourceTree = "<group>"; };
		83B72B43216A0FEA007780F3 /* ColumnSplitedString.h */ = {isa = PBXFileReference; fileEncoding = 4; lastKnownFileType = sourcecode.c.h; path = ColumnSplitedString.h; sourceTree = "<group>"; };
		83B72B44216A0FEA007780F3 /* ColumnSplitedString.m */ = {isa = PBXFileReference; fileEncoding = 4; lastKnownFileType = sourcecode.c.objc; path = ColumnSplitedString.m; sourceTree = "<group>"; };
		83B72B47216A0FF4007780F3 /* UIKit.framework */ = {isa = PBXFileReference; lastKnownFileType = wrapper.framework; name = UIKit.framework; path = System/Library/Frameworks/UIKit.framework; sourceTree = SDKROOT; };
		83B72B74216A70D1007780F3 /* ImageUtils.h */ = {isa = PBXFileReference; fileEncoding = 4; lastKnownFileType = sourcecode.c.h; path = ImageUtils.h; sourceTree = "<group>"; };
		83B72B7B216A70D1007780F3 /* ImageUtils.m */ = {isa = PBXFileReference; fileEncoding = 4; lastKnownFileType = sourcecode.c.objc; path = ImageUtils.m; sourceTree = "<group>"; };
		83E5D464215E51A20009D216 /* ZXingObjC.xcodeproj */ = {isa = PBXFileReference; lastKnownFileType = "wrapper.pb-project"; name = ZXingObjC.xcodeproj; path = "ZXingObjC-3.2.2/ZXingObjC.xcodeproj"; sourceTree = "<group>"; };
		83E5D47A215E564B0009D216 /* RNBluetoothManager.h */ = {isa = PBXFileReference; lastKnownFileType = sourcecode.c.h; path = RNBluetoothManager.h; sourceTree = "<group>"; };
		83E5D47B215E57100009D216 /* RNBluetoothManager.m */ = {isa = PBXFileReference; lastKnownFileType = sourcecode.c.objc; path = RNBluetoothManager.m; sourceTree = "<group>"; };
		83E5D47E215E5A880009D216 /* CoreBluetooth.framework */ = {isa = PBXFileReference; lastKnownFileType = wrapper.framework; name = CoreBluetooth.framework; path = System/Library/Frameworks/CoreBluetooth.framework; sourceTree = SDKROOT; };
		83FAD6A92161C977001C4911 /* RNBluetoothTscPrinter.h */ = {isa = PBXFileReference; lastKnownFileType = sourcecode.c.h; path = RNBluetoothTscPrinter.h; sourceTree = "<group>"; };
		83FAD6B02161C9C6001C4911 /* RNBluetoothTscPrinter.m */ = {isa = PBXFileReference; lastKnownFileType = sourcecode.c.objc; path = RNBluetoothTscPrinter.m; sourceTree = "<group>"; };
		B3E7B5881CC2AC0600A0062D /* RNBluetoothEscposPrinter.h */ = {isa = PBXFileReference; fileEncoding = 4; lastKnownFileType = sourcecode.c.h; path = RNBluetoothEscposPrinter.h; sourceTree = "<group>"; };
		B3E7B5891CC2AC0600A0062D /* RNBluetoothEscposPrinter.m */ = {isa = PBXFileReference; fileEncoding = 4; lastKnownFileType = sourcecode.c.objc; path = RNBluetoothEscposPrinter.m; sourceTree = "<group>"; };
/* End PBXFileReference section */

/* Begin PBXFrameworksBuildPhase section */
		58B511D81A9E6C8500147676 /* Frameworks */ = {
			isa = PBXFrameworksBuildPhase;
			buildActionMask = 2147483647;
			files = (
				83B72B7D216A70D6007780F3 /* libZXingObjC-iOS.a in Frameworks */,
				83B72B48216A0FF4007780F3 /* UIKit.framework in Frameworks */,
				83E5D47F215E5A880009D216 /* CoreBluetooth.framework in Frameworks */,
			);
			runOnlyForDeploymentPostprocessing = 0;
		};
/* End PBXFrameworksBuildPhase section */

/* Begin PBXGroup section */
		134814211AA4EA7D00B7C361 /* Products */ = {
			isa = PBXGroup;
			children = (
				134814201AA4EA6300B7C361 /* libRNBluetoothEscposPrinter.a */,
			);
			name = Products;
			sourceTree = "<group>";
		};
		58B511D21A9E6C8500147676 = {
			isa = PBXGroup;
			children = (
				83A1E925216CF6C3004F0811 /* RNTscCommand.h */,
				83A1E92C216CF6C3004F0811 /* RNTscCommand.m */,
				83A1E918216BA094004F0811 /* PrintImageBleWriteDelegate.h */,
				83A1E91F216BA095004F0811 /* PrintImageBleWriteDelegate.m */,
				83B72B74216A70D1007780F3 /* ImageUtils.h */,
				83B72B7B216A70D1007780F3 /* ImageUtils.m */,
				83B72B43216A0FEA007780F3 /* ColumnSplitedString.h */,
				83B72B44216A0FEA007780F3 /* ColumnSplitedString.m */,
				83B72B42216A0FEA007780F3 /* PrintColumnBleWriteDelegate.h */,
				83B72B3B216A0FE9007780F3 /* PrintColumnBleWriteDelegate.m */,
				83FAD6B02161C9C6001C4911 /* RNBluetoothTscPrinter.m */,
				83FAD6A92161C977001C4911 /* RNBluetoothTscPrinter.h */,
				83E5D47B215E57100009D216 /* RNBluetoothManager.m */,
				83E5D47A215E564B0009D216 /* RNBluetoothManager.h */,
				83E5D464215E51A20009D216 /* ZXingObjC.xcodeproj */,
				B3E7B5881CC2AC0600A0062D /* RNBluetoothEscposPrinter.h */,
				B3E7B5891CC2AC0600A0062D /* RNBluetoothEscposPrinter.m */,
				134814211AA4EA7D00B7C361 /* Products */,
				83E5D47D215E5A880009D216 /* Frameworks */,
			);
			sourceTree = "<group>";
		};
		83E5D465215E51A20009D216 /* Products */ = {
			isa = PBXGroup;
			children = (
				83E5D46E215E51A30009D216 /* libZXingObjC-iOS.a */,
				83E5D470215E51A30009D216 /* Unit Tests iOS.xctest */,
				83E5D472215E51A30009D216 /* libZXingObjC-osx.a */,
				83E5D474215E51A30009D216 /* Unit Tests OS X.xctest */,
				83E5D476215E51A30009D216 /* ZXingObjC.framework */,
				83E5D478215E51A30009D216 /* ZXingObjC.framework */,
			);
			name = Products;
			sourceTree = "<group>";
		};
		83E5D47D215E5A880009D216 /* Frameworks */ = {
			isa = PBXGroup;
			children = (
				83B72B47216A0FF4007780F3 /* UIKit.framework */,
				83E5D47E215E5A880009D216 /* CoreBluetooth.framework */,
			);
			name = Frameworks;
			sourceTree = "<group>";
		};
/* End PBXGroup section */

/* Begin PBXNativeTarget section */
		58B511DA1A9E6C8500147676 /* RNBluetoothEscposPrinter */ = {
			isa = PBXNativeTarget;
			buildConfigurationList = 58B511EF1A9E6C8500147676 /* Build configuration list for PBXNativeTarget "RNBluetoothEscposPrinter" */;
			buildPhases = (
				58B511D71A9E6C8500147676 /* Sources */,
				58B511D81A9E6C8500147676 /* Frameworks */,
				58B511D91A9E6C8500147676 /* CopyFiles */,
			);
			buildRules = (
			);
			dependencies = (
			);
			name = RNBluetoothEscposPrinter;
			productName = RCTDataManager;
			productReference = 134814201AA4EA6300B7C361 /* libRNBluetoothEscposPrinter.a */;
			productType = "com.apple.product-type.library.static";
		};
/* End PBXNativeTarget section */

/* Begin PBXProject section */
		58B511D31A9E6C8500147676 /* Project object */ = {
			isa = PBXProject;
			attributes = {
				LastUpgradeCheck = 0830;
				ORGANIZATIONNAME = Facebook;
				TargetAttributes = {
					58B511DA1A9E6C8500147676 = {
						CreatedOnToolsVersion = 6.1.1;
					};
				};
			};
			buildConfigurationList = 58B511D61A9E6C8500147676 /* Build configuration list for PBXProject "RNBluetoothEscposPrinter" */;
			compatibilityVersion = "Xcode 3.2";
			developmentRegion = English;
			hasScannedForEncodings = 0;
			knownRegions = (
				en,
			);
			mainGroup = 58B511D21A9E6C8500147676;
			productRefGroup = 58B511D21A9E6C8500147676;
			projectDirPath = "";
			projectReferences = (
				{
					ProductGroup = 83E5D465215E51A20009D216 /* Products */;
					ProjectRef = 83E5D464215E51A20009D216 /* ZXingObjC.xcodeproj */;
				},
			);
			projectRoot = "";
			targets = (
				58B511DA1A9E6C8500147676 /* RNBluetoothEscposPrinter */,
			);
		};
/* End PBXProject section */

/* Begin PBXReferenceProxy section */
		83E5D46E215E51A30009D216 /* libZXingObjC-iOS.a */ = {
			isa = PBXReferenceProxy;
			fileType = archive.ar;
			path = "libZXingObjC-iOS.a";
			remoteRef = 83E5D46D215E51A30009D216 /* PBXContainerItemProxy */;
			sourceTree = BUILT_PRODUCTS_DIR;
		};
		83E5D470215E51A30009D216 /* Unit Tests iOS.xctest */ = {
			isa = PBXReferenceProxy;
			fileType = wrapper.cfbundle;
			path = "Unit Tests iOS.xctest";
			remoteRef = 83E5D46F215E51A30009D216 /* PBXContainerItemProxy */;
			sourceTree = BUILT_PRODUCTS_DIR;
		};
		83E5D472215E51A30009D216 /* libZXingObjC-osx.a */ = {
			isa = PBXReferenceProxy;
			fileType = archive.ar;
			path = "libZXingObjC-osx.a";
			remoteRef = 83E5D471215E51A30009D216 /* PBXContainerItemProxy */;
			sourceTree = BUILT_PRODUCTS_DIR;
		};
		83E5D474215E51A30009D216 /* Unit Tests OS X.xctest */ = {
			isa = PBXReferenceProxy;
			fileType = wrapper.cfbundle;
			path = "Unit Tests OS X.xctest";
			remoteRef = 83E5D473215E51A30009D216 /* PBXContainerItemProxy */;
			sourceTree = BUILT_PRODUCTS_DIR;
		};
		83E5D476215E51A30009D216 /* ZXingObjC.framework */ = {
			isa = PBXReferenceProxy;
			fileType = wrapper.framework;
			path = ZXingObjC.framework;
			remoteRef = 83E5D475215E51A30009D216 /* PBXContainerItemProxy */;
			sourceTree = BUILT_PRODUCTS_DIR;
		};
		83E5D478215E51A30009D216 /* ZXingObjC.framework */ = {
			isa = PBXReferenceProxy;
			fileType = wrapper.framework;
			path = ZXingObjC.framework;
			remoteRef = 83E5D477215E51A30009D216 /* PBXContainerItemProxy */;
			sourceTree = BUILT_PRODUCTS_DIR;
		};
/* End PBXReferenceProxy section */

/* Begin PBXSourcesBuildPhase section */
		58B511D71A9E6C8500147676 /* Sources */ = {
			isa = PBXSourcesBuildPhase;
			buildActionMask = 2147483647;
			files = (
				83B72B45216A0FEA007780F3 /* PrintColumnBleWriteDelegate.m in Sources */,
				B3E7B58A1CC2AC0600A0062D /* RNBluetoothEscposPrinter.m in Sources */,
				83A1E92D216CF6C4004F0811 /* RNTscCommand.m in Sources */,
				83B72B46216A0FEA007780F3 /* ColumnSplitedString.m in Sources */,
				83B72B7C216A70D2007780F3 /* ImageUtils.m in Sources */,
				83E5D47C215E57100009D216 /* RNBluetoothManager.m in Sources */,
				83FAD6B12161C9C6001C4911 /* RNBluetoothTscPrinter.m in Sources */,
				83A1E920216BA095004F0811 /* PrintImageBleWriteDelegate.m in Sources */,
			);
			runOnlyForDeploymentPostprocessing = 0;
		};
/* End PBXSourcesBuildPhase section */

/* Begin XCBuildConfiguration section */
		58B511ED1A9E6C8500147676 /* Debug */ = {
			isa = XCBuildConfiguration;
			buildSettings = {
				ALWAYS_SEARCH_USER_PATHS = YES;
				CLANG_CXX_LANGUAGE_STANDARD = "gnu++0x";
				CLANG_CXX_LIBRARY = "libc++";
				CLANG_ENABLE_MODULES = YES;
				CLANG_ENABLE_OBJC_ARC = YES;
				CLANG_WARN_BOOL_CONVERSION = YES;
				CLANG_WARN_CONSTANT_CONVERSION = YES;
				CLANG_WARN_DIRECT_OBJC_ISA_USAGE = YES_ERROR;
				CLANG_WARN_EMPTY_BODY = YES;
				CLANG_WARN_ENUM_CONVERSION = YES;
				CLANG_WARN_INFINITE_RECURSION = YES;
				CLANG_WARN_INT_CONVERSION = YES;
				CLANG_WARN_OBJC_ROOT_CLASS = YES_ERROR;
				CLANG_WARN_SUSPICIOUS_MOVE = YES;
				CLANG_WARN_UNREACHABLE_CODE = YES;
				CLANG_WARN__DUPLICATE_METHOD_MATCH = YES;
				COPY_PHASE_STRIP = NO;
				ENABLE_STRICT_OBJC_MSGSEND = YES;
				ENABLE_TESTABILITY = YES;
				GCC_C_LANGUAGE_STANDARD = gnu99;
				GCC_DYNAMIC_NO_PIC = NO;
				GCC_NO_COMMON_BLOCKS = YES;
				GCC_OPTIMIZATION_LEVEL = 0;
				GCC_PREPROCESSOR_DEFINITIONS = (
					"DEBUG=1",
					"$(inherited)",
				);
				GCC_SYMBOLS_PRIVATE_EXTERN = NO;
				GCC_WARN_64_TO_32_BIT_CONVERSION = YES;
				GCC_WARN_ABOUT_RETURN_TYPE = YES_ERROR;
				GCC_WARN_UNDECLARED_SELECTOR = YES;
				GCC_WARN_UNINITIALIZED_AUTOS = YES_AGGRESSIVE;
				GCC_WARN_UNUSED_FUNCTION = YES;
				GCC_WARN_UNUSED_VARIABLE = YES;
				HEADER_SEARCH_PATHS = (
					"$(inherited)",
					/Applications/Xcode.app/Contents/Developer/Toolchains/XcodeDefault.xctoolchain/usr/include,
					"$(SRCROOT)/../../../React/**",
					"$(SRCROOT)/../../react-native/React/**",
					"$(SRCROOT)/ZXingObjC-3.2.2/**",
				);
				IPHONEOS_DEPLOYMENT_TARGET = 8.0;
				MTL_ENABLE_DEBUG_INFO = YES;
				ONLY_ACTIVE_ARCH = YES;
				SDKROOT = iphoneos;
			};
			name = Debug;
		};
		58B511EE1A9E6C8500147676 /* Release */ = {
			isa = XCBuildConfiguration;
			buildSettings = {
				ALWAYS_SEARCH_USER_PATHS = YES;
				CLANG_CXX_LANGUAGE_STANDARD = "gnu++0x";
				CLANG_CXX_LIBRARY = "libc++";
				CLANG_ENABLE_MODULES = YES;
				CLANG_ENABLE_OBJC_ARC = YES;
				CLANG_WARN_BOOL_CONVERSION = YES;
				CLANG_WARN_CONSTANT_CONVERSION = YES;
				CLANG_WARN_DIRECT_OBJC_ISA_USAGE = YES_ERROR;
				CLANG_WARN_EMPTY_BODY = YES;
				CLANG_WARN_ENUM_CONVERSION = YES;
				CLANG_WARN_INFINITE_RECURSION = YES;
				CLANG_WARN_INT_CONVERSION = YES;
				CLANG_WARN_OBJC_ROOT_CLASS = YES_ERROR;
				CLANG_WARN_SUSPICIOUS_MOVE = YES;
				CLANG_WARN_UNREACHABLE_CODE = YES;
				CLANG_WARN__DUPLICATE_METHOD_MATCH = YES;
				COPY_PHASE_STRIP = YES;
				ENABLE_NS_ASSERTIONS = NO;
				ENABLE_STRICT_OBJC_MSGSEND = YES;
				GCC_C_LANGUAGE_STANDARD = gnu99;
				GCC_NO_COMMON_BLOCKS = YES;
				GCC_WARN_64_TO_32_BIT_CONVERSION = YES;
				GCC_WARN_ABOUT_RETURN_TYPE = YES_ERROR;
				GCC_WARN_UNDECLARED_SELECTOR = YES;
				GCC_WARN_UNINITIALIZED_AUTOS = YES_AGGRESSIVE;
				GCC_WARN_UNUSED_FUNCTION = YES;
				GCC_WARN_UNUSED_VARIABLE = YES;
				HEADER_SEARCH_PATHS = (
					"$(inherited)",
					/Applications/Xcode.app/Contents/Developer/Toolchains/XcodeDefault.xctoolchain/usr/include,
					"$(SRCROOT)/../../../React/**",
					"$(SRCROOT)/../../react-native/React/**",
					"$(SRCROOT)/ZXingObjC-3.2.2/**",
				);
				IPHONEOS_DEPLOYMENT_TARGET = 8.0;
				MTL_ENABLE_DEBUG_INFO = NO;
				SDKROOT = iphoneos;
				VALIDATE_PRODUCT = YES;
			};
			name = Release;
		};
		58B511F01A9E6C8500147676 /* Debug */ = {
			isa = XCBuildConfiguration;
			buildSettings = {
				HEADER_SEARCH_PATHS = (
					"$(inherited)",
					/Applications/Xcode.app/Contents/Developer/Toolchains/XcodeDefault.xctoolchain/usr/include,
					"$(SRCROOT)/../../../React/**",
					"$(SRCROOT)/../../react-native/React/**",
				);
				LIBRARY_SEARCH_PATHS = "$(inherited)";
				OTHER_LDFLAGS = "-ObjC";
				PRODUCT_NAME = RNBluetoothEscposPrinter;
				SKIP_INSTALL = YES;
			};
			name = Debug;
		};
		58B511F11A9E6C8500147676 /* Release */ = {
			isa = XCBuildConfiguration;
			buildSettings = {
				HEADER_SEARCH_PATHS = (
					"$(inherited)",
					/Applications/Xcode.app/Contents/Developer/Toolchains/XcodeDefault.xctoolchain/usr/include,
					"$(SRCROOT)/../../../React/**",
					"$(SRCROOT)/../../react-native/React/**",
				);
				LIBRARY_SEARCH_PATHS = "$(inherited)";
				OTHER_LDFLAGS = "-ObjC";
				PRODUCT_NAME = RNBluetoothEscposPrinter;
				SKIP_INSTALL = YES;
			};
			name = Release;
		};
/* End XCBuildConfiguration section */

/* Begin XCConfigurationList section */
		58B511D61A9E6C8500147676 /* Build configuration list for PBXProject "RNBluetoothEscposPrinter" */ = {
			isa = XCConfigurationList;
			buildConfigurations = (
				58B511ED1A9E6C8500147676 /* Debug */,
				58B511EE1A9E6C8500147676 /* Release */,
			);
			defaultConfigurationIsVisible = 0;
			defaultConfigurationName = Release;
		};
		58B511EF1A9E6C8500147676 /* Build configuration list for PBXNativeTarget "RNBluetoothEscposPrinter" */ = {
			isa = XCConfigurationList;
			buildConfigurations = (
				58B511F01A9E6C8500147676 /* Debug */,
				58B511F11A9E6C8500147676 /* Release */,
			);
			defaultConfigurationIsVisible = 0;
			defaultConfigurationName = Release;
		};
/* End XCConfigurationList section */
	};
	rootObject = 58B511D31A9E6C8500147676 /* Project object */;
}
